
Microsoft Visual Studio Solution File, Format Version 12.00
# Visual Studio Version 17
VisualStudioVersion = 17.4.33213.308
MinimumVisualStudioVersion = 10.0.40219.1
Project("{FAE04EC0-301F-11D3-BF4B-00C04F79EFBC}") = "LibraryPersonalCode", "LibraryPersonalCode\LibraryPersonalCode.csproj", "{663D726E-30A5-49C5-B88C-ADA2F876F15D}"
EndProject
Project("{FAE04EC0-301F-11D3-BF4B-00C04F79EFBC}") = "PersonakCodeTests", "PersonakCodeTests\PersonakCodeTests.csproj", "{375678A3-29EE-41F4-9C6D-F74742D440FD}"
EndProject
Global
	GlobalSection(SolutionConfigurationPlatforms) = preSolution
		Debug|Any CPU = Debug|Any CPU
		Release|Any CPU = Release|Any CPU
	EndGlobalSection
	GlobalSection(ProjectConfigurationPlatforms) = postSolution
		{663D726E-30A5-49C5-B88C-ADA2F876F15D}.Debug|Any CPU.ActiveCfg = Debug|Any CPU
		{663D726E-30A5-49C5-B88C-ADA2F876F15D}.Debug|Any CPU.Build.0 = Debug|Any CPU
		{663D726E-30A5-49C5-B88C-ADA2F876F15D}.Release|Any CPU.ActiveCfg = Release|Any CPU
		{663D726E-30A5-49C5-B88C-ADA2F876F15D}.Release|Any CPU.Build.0 = Release|Any CPU
		{375678A3-29EE-41F4-9C6D-F74742D440FD}.Debug|Any CPU.ActiveCfg = Debug|Any CPU
		{375678A3-29EE-41F4-9C6D-F74742D440FD}.Debug|Any CPU.Build.0 = Debug|Any CPU
		{375678A3-29EE-41F4-9C6D-F74742D440FD}.Release|Any CPU.ActiveCfg = Release|Any CPU
		{375678A3-29EE-41F4-9C6D-F74742D440FD}.Release|Any CPU.Build.0 = Release|Any CPU
	EndGlobalSection
	GlobalSection(SolutionProperties) = preSolution
		HideSolutionNode = FALSE
	EndGlobalSection
	GlobalSection(ExtensibilityGlobals) = postSolution
		SolutionGuid = {A854C7C1-88F1-427A-8D33-64090FD05909}
	EndGlobalSection
EndGlobal
